// !$*UTF8*$!
{
	archiveVersion = 1;
	classes = {
	};
	objectVersion = 48;
	objects = {

/* Begin PBXBuildFile section */
		B85AF3B420776F1200DF798B /* AppDelegate.swift in Sources */ = {isa = PBXBuildFile; fileRef = B85AF3B320776F1200DF798B /* AppDelegate.swift */; };
		B85AF3B620776F1200DF798B /* ViewController.swift in Sources */ = {isa = PBXBuildFile; fileRef = B85AF3B520776F1200DF798B /* ViewController.swift */; };
		B85AF3B920776F1200DF798B /* Main.storyboard in Resources */ = {isa = PBXBuildFile; fileRef = B85AF3B720776F1200DF798B /* Main.storyboard */; };
		B85AF3BB20776F1200DF798B /* Assets.xcassets in Resources */ = {isa = PBXBuildFile; fileRef = B85AF3BA20776F1200DF798B /* Assets.xcassets */; };
		B85AF3BE20776F1200DF798B /* LaunchScreen.storyboard in Resources */ = {isa = PBXBuildFile; fileRef = B85AF3BC20776F1200DF798B /* LaunchScreen.storyboard */; };
/* End PBXBuildFile section */

/* Begin PBXFileReference section */
		B85AF3B020776F1200DF798B /* DoIt-CoreData-KOPEC.app */ = {isa = PBXFileReference; explicitFileType = wrapper.application; includeInIndex = 0; path = "DoIt-CoreData-KOPEC.app"; sourceTree = BUILT_PRODUCTS_DIR; };
		B85AF3B320776F1200DF798B /* AppDelegate.swift */ = {isa = PBXFileReference; lastKnownFileType = sourcecode.swift; path = AppDelegate.swift; sourceTree = "<group>"; };
		B85AF3B520776F1200DF798B /* ViewController.swift */ = {isa = PBXFileReference; lastKnownFileType = sourcecode.swift; path = ViewController.swift; sourceTree = "<group>"; };
		B85AF3B820776F1200DF798B /* Base */ = {isa = PBXFileReference; lastKnownFileType = file.storyboard; name = Base; path = Base.lproj/Main.storyboard; sourceTree = "<group>"; };
		B85AF3BA20776F1200DF798B /* Assets.xcassets */ = {isa = PBXFileReference; lastKnownFileType = folder.assetcatalog; path = Assets.xcassets; sourceTree = "<group>"; };
		B85AF3BD20776F1200DF798B /* Base */ = {isa = PBXFileReference; lastKnownFileType = file.storyboard; name = Base; path = Base.lproj/LaunchScreen.storyboard; sourceTree = "<group>"; };
		B85AF3BF20776F1200DF798B /* Info.plist */ = {isa = PBXFileReference; lastKnownFileType = text.plist.xml; path = Info.plist; sourceTree = "<group>"; };
/* End PBXFileReference section */

/* Begin PBXFrameworksBuildPhase section */
		B85AF3AD20776F1200DF798B /* Frameworks */ = {
			isa = PBXFrameworksBuildPhase;
			buildActionMask = 2147483647;
			files = (
			);
			runOnlyForDeploymentPostprocessing = 0;
		};
/* End PBXFrameworksBuildPhase section */

/* Begin PBXGroup section */
		B85AF3A720776F1200DF798B = {
			isa = PBXGroup;
			children = (
				B85AF3B220776F1200DF798B /* DoIt-CoreData-KOPEC */,
				B85AF3B120776F1200DF798B /* Products */,
			);
			sourceTree = "<group>";
		};
		B85AF3B120776F1200DF798B /* Products */ = {
			isa = PBXGroup;
			children = (
				B85AF3B020776F1200DF798B /* DoIt-CoreData-KOPEC.app */,
			);
			name = Products;
			sourceTree = "<group>";
		};
		B85AF3B220776F1200DF798B /* DoIt-CoreData-KOPEC */ = {
			isa = PBXGroup;
			children = (
				B85AF3B320776F1200DF798B /* AppDelegate.swift */,
				B85AF3B520776F1200DF798B /* ViewController.swift */,
				B85AF3B720776F1200DF798B /* Main.storyboard */,
				B85AF3BA20776F1200DF798B /* Assets.xcassets */,
				B85AF3BC20776F1200DF798B /* LaunchScreen.storyboard */,
				B85AF3BF20776F1200DF798B /* Info.plist */,
			);
			path = "DoIt-CoreData-KOPEC";
			sourceTree = "<group>";
		};
/* End PBXGroup section */

/* Begin PBXNativeTarget section */
		B85AF3AF20776F1200DF798B /* DoIt-CoreData-KOPEC */ = {
			isa = PBXNativeTarget;
			buildConfigurationList = B85AF3C220776F1200DF798B /* Build configuration list for PBXNativeTarget "DoIt-CoreData-KOPEC" */;
			buildPhases = (
				B85AF3AC20776F1200DF798B /* Sources */,
				B85AF3AD20776F1200DF798B /* Frameworks */,
				B85AF3AE20776F1200DF798B /* Resources */,
			);
			buildRules = (
			);
			dependencies = (
			);
			name = "DoIt-CoreData-KOPEC";
			productName = "DoIt-CoreData-KOPEC";
			productReference = B85AF3B020776F1200DF798B /* DoIt-CoreData-KOPEC.app */;
			productType = "com.apple.product-type.application";
		};
/* End PBXNativeTarget section */

/* Begin PBXProject section */
		B85AF3A820776F1200DF798B /* Project object */ = {
			isa = PBXProject;
			attributes = {
				LastSwiftUpdateCheck = 0920;
				LastUpgradeCheck = 0920;
				ORGANIZATIONNAME = iem;
				TargetAttributes = {
					B85AF3AF20776F1200DF798B = {
						CreatedOnToolsVersion = 9.2;
						ProvisioningStyle = Automatic;
					};
				};
			};
			buildConfigurationList = B85AF3AB20776F1200DF798B /* Build configuration list for PBXProject "DoIt-CoreData-KOPEC" */;
			compatibilityVersion = "Xcode 8.0";
			developmentRegion = en;
			hasScannedForEncodings = 0;
			knownRegions = (
				en,
				Base,
			);
			mainGroup = B85AF3A720776F1200DF798B;
			productRefGroup = B85AF3B120776F1200DF798B /* Products */;
			projectDirPath = "";
			projectRoot = "";
			targets = (
				B85AF3AF20776F1200DF798B /* DoIt-CoreData-KOPEC */,
			);
		};
/* End PBXProject section */

/* Begin PBXResourcesBuildPhase section */
		B85AF3AE20776F1200DF798B /* Resources */ = {
			isa = PBXResourcesBuildPhase;
			buildActionMask = 2147483647;
			files = (
				B85AF3BE20776F1200DF798B /* LaunchScreen.storyboard in Resources */,
				B85AF3BB20776F1200DF798B /* Assets.xcassets in Resources */,
				B85AF3B920776F1200DF798B /* Main.storyboard in Resources */,
			);
			runOnlyForDeploymentPostprocessing = 0;
		};
/* End PBXResourcesBuildPhase section */

/* Begin PBXSourcesBuildPhase section */
		B85AF3AC20776F1200DF798B /* Sources */ = {
			isa = PBXSourcesBuildPhase;
			buildActionMask = 2147483647;
			files = (
				B85AF3B620776F1200DF798B /* ViewController.swift in Sources */,
				B85AF3B420776F1200DF798B /* AppDelegate.swift in Sources */,
			);
			runOnlyForDeploymentPostprocessing = 0;
		};
/* End PBXSourcesBuildPhase section */

/* Begin PBXVariantGroup section */
		B85AF3B720776F1200DF798B /* Main.storyboard */ = {
			isa = PBXVariantGroup;
			children = (
				B85AF3B820776F1200DF798B /* Base */,
			);
			name = Main.storyboard;
			sourceTree = "<group>";
		};
		B85AF3BC20776F1200DF798B /* LaunchScreen.storyboard */ = {
			isa = PBXVariantGroup;
			children = (
				B85AF3BD20776F1200DF798B /* Base */,
			);
			name = LaunchScreen.storyboard;
			sourceTree = "<group>";
		};
/* End PBXVariantGroup section */

/* Begin XCBuildConfiguration section */
		B85AF3C020776F1200DF798B /* Debug */ = {
			isa = XCBuildConfiguration;
			buildSettings = {
				ALWAYS_SEARCH_USER_PATHS = NO;
				CLANG_ANALYZER_NONNULL = YES;
				CLANG_ANALYZER_NUMBER_OBJECT_CONVERSION = YES_AGGRESSIVE;
				CLANG_CXX_LANGUAGE_STANDARD = "gnu++14";
				CLANG_CXX_LIBRARY = "libc++";
				CLANG_ENABLE_MODULES = YES;
				CLANG_ENABLE_OBJC_ARC = YES;
				CLANG_WARN_BLOCK_CAPTURE_AUTORELEASING = YES;
				CLANG_WARN_BOOL_CONVERSION = YES;
				CLANG_WARN_COMMA = YES;
				CLANG_WARN_CONSTANT_CONVERSION = YES;
				CLANG_WARN_DIRECT_OBJC_ISA_USAGE = YES_ERROR;
				CLANG_WARN_DOCUMENTATION_COMMENTS = YES;
				CLANG_WARN_EMPTY_BODY = YES;
				CLANG_WARN_ENUM_CONVERSION = YES;
				CLANG_WARN_INFINITE_RECURSION = YES;
				CLANG_WARN_INT_CONVERSION = YES;
				CLANG_WARN_NON_LITERAL_NULL_CONVERSION = YES;
				CLANG_WARN_OBJC_LITERAL_CONVERSION = YES;
				CLANG_WARN_OBJC_ROOT_CLASS = YES_ERROR;
				CLANG_WARN_RANGE_LOOP_ANALYSIS = YES;
				CLANG_WARN_STRICT_PROTOTYPES = YES;
				CLANG_WARN_SUSPICIOUS_MOVE = YES;
				CLANG_WARN_UNGUARDED_AVAILABILITY = YES_AGGRESSIVE;
				CLANG_WARN_UNREACHABLE_CODE = YES;
				CLANG_WARN__DUPLICATE_METHOD_MATCH = YES;
				CODE_SIGN_IDENTITY = "iPhone Developer";
				COPY_PHASE_STRIP = NO;
				DEBUG_INFORMATION_FORMAT = dwarf;
				ENABLE_STRICT_OBJC_MSGSEND = YES;
				ENABLE_TESTABILITY = YES;
				GCC_C_LANGUAGE_STANDARD = gnu11;
				GCC_DYNAMIC_NO_PIC = NO;
				GCC_NO_COMMON_BLOCKS = YES;
				GCC_OPTIMIZATION_LEVEL = 0;
				GCC_PREPROCESSOR_DEFINITIONS = (
					"DEBUG=1",
					"$(inherited)",
				);
				GCC_WARN_64_TO_32_BIT_CONVERSION = YES;
				GCC_WARN_ABOUT_RETURN_TYPE = YES_ERROR;
				GCC_WARN_UNDECLARED_SELECTOR = YES;
				GCC_WARN_UNINITIALIZED_AUTOS = YES_AGGRESSIVE;
				GCC_WARN_UNUSED_FUNCTION = YES;
				GCC_WARN_UNUSED_VARIABLE = YES;
				IPHONEOS_DEPLOYMENT_TARGET = 11.2;
				MTL_ENABLE_DEBUG_INFO = YES;
				ONLY_ACTIVE_ARCH = YES;
				SDKROOT = iphoneos;
				SWIFT_ACTIVE_COMPILATION_CONDITIONS = DEBUG;
				SWIFT_OPTIMIZATION_LEVEL = "-Onone";
			};
			name = Debug;
		};
		B85AF3C120776F1200DF798B /* Release */ = {
			isa = XCBuildConfiguration;
			buildSettings = {
				ALWAYS_SEARCH_USER_PATHS = NO;
				CLANG_ANALYZER_NONNULL = YES;
				CLANG_ANALYZER_NUMBER_OBJECT_CONVERSION = YES_AGGRESSIVE;
				CLANG_CXX_LANGUAGE_STANDARD = "gnu++14";
				CLANG_CXX_LIBRARY = "libc++";
				CLANG_ENABLE_MODULES = YES;
				CLANG_ENABLE_OBJC_ARC = YES;
				CLANG_WARN_BLOCK_CAPTURE_AUTORELEASING = YES;
				CLANG_WARN_BOOL_CONVERSION = YES;
				CLANG_WARN_COMMA = YES;
				CLANG_WARN_CONSTANT_CONVERSION = YES;
				CLANG_WARN_DIRECT_OBJC_ISA_USAGE = YES_ERROR;
				CLANG_WARN_DOCUMENTATION_COMMENTS = YES;
				CLANG_WARN_EMPTY_BODY = YES;
				CLANG_WARN_ENUM_CONVERSION = YES;
				CLANG_WARN_INFINITE_RECURSION = YES;
				CLANG_WARN_INT_CONVERSION = YES;
				CLANG_WARN_NON_LITERAL_NULL_CONVERSION = YES;
				CLANG_WARN_OBJC_LITERAL_CONVERSION = YES;
				CLANG_WARN_OBJC_ROOT_CLASS = YES_ERROR;
				CLANG_WARN_RANGE_LOOP_ANALYSIS = YES;
				CLANG_WARN_STRICT_PROTOTYPES = YES;
				CLANG_WARN_SUSPICIOUS_MOVE = YES;
				CLANG_WARN_UNGUARDED_AVAILABILITY = YES_AGGRESSIVE;
				CLANG_WARN_UNREACHABLE_CODE = YES;
				CLANG_WARN__DUPLICATE_METHOD_MATCH = YES;
				CODE_SIGN_IDENTITY = "iPhone Developer";
				COPY_PHASE_STRIP = NO;
				DEBUG_INFORMATION_FORMAT = "dwarf-with-dsym";
				ENABLE_NS_ASSERTIONS = NO;
				ENABLE_STRICT_OBJC_MSGSEND = YES;
				GCC_C_LANGUAGE_STANDARD = gnu11;
				GCC_NO_COMMON_BLOCKS = YES;
				GCC_WARN_64_TO_32_BIT_CONVERSION = YES;
				GCC_WARN_ABOUT_RETURN_TYPE = YES_ERROR;
				GCC_WARN_UNDECLARED_SELECTOR = YES;
				GCC_WARN_UNINITIALIZED_AUTOS = YES_AGGRESSIVE;
				GCC_WARN_UNUSED_FUNCTION = YES;
				GCC_WARN_UNUSED_VARIABLE = YES;
				IPHONEOS_DEPLOYMENT_TARGET = 11.2;
				MTL_ENABLE_DEBUG_INFO = NO;
				SDKROOT = iphoneos;
				SWIFT_OPTIMIZATION_LEVEL = "-Owholemodule";
				VALIDATE_PRODUCT = YES;
			};
			name = Release;
		};
		B85AF3C320776F1200DF798B /* Debug */ = {
			isa = XCBuildConfiguration;
			buildSettings = {
				ASSETCATALOG_COMPILER_APPICON_NAME = AppIcon;
				CODE_SIGN_STYLE = Automatic;
				DEVELOPMENT_TEAM = QLL3DR6XP5;
				INFOPLIST_FILE = "DoIt-CoreData-KOPEC/Info.plist";
				LD_RUNPATH_SEARCH_PATHS = "$(inherited) @executable_path/Frameworks";
				PRODUCT_BUNDLE_IDENTIFIER = "test.DoIt-CoreData-KOPEC";
				PRODUCT_NAME = "$(TARGET_NAME)";
				SWIFT_VERSION = 4.0;
				TARGETED_DEVICE_FAMILY = "1,2";
			};
			name = Debug;
		};
		B85AF3C420776F1200DF798B /* Release */ = {
			isa = XCBuildConfiguration;
			buildSettings = {
				ASSETCATALOG_COMPILER_APPICON_NAME = AppIcon;
				CODE_SIGN_STYLE = Automatic;
				DEVELOPMENT_TEAM = QLL3DR6XP5;
				INFOPLIST_FILE = "DoIt-CoreData-KOPEC/Info.plist";
				LD_RUNPATH_SEARCH_PATHS = "$(inherited) @executable_path/Frameworks";
				PRODUCT_BUNDLE_IDENTIFIER = "test.DoIt-CoreData-KOPEC";
				PRODUCT_NAME = "$(TARGET_NAME)";
				SWIFT_VERSION = 4.0;
				TARGETED_DEVICE_FAMILY = "1,2";
			};
			name = Release;
		};
/* End XCBuildConfiguration section */

/* Begin XCConfigurationList section */
		B85AF3AB20776F1200DF798B /* Build configuration list for PBXProject "DoIt-CoreData-KOPEC" */ = {
			isa = XCConfigurationList;
			buildConfigurations = (
				B85AF3C020776F1200DF798B /* Debug */,
				B85AF3C120776F1200DF798B /* Release */,
			);
			defaultConfigurationIsVisible = 0;
			defaultConfigurationName = Release;
		};
		B85AF3C220776F1200DF798B /* Build configuration list for PBXNativeTarget "DoIt-CoreData-KOPEC" */ = {
			isa = XCConfigurationList;
			buildConfigurations = (
				B85AF3C320776F1200DF798B /* Debug */,
				B85AF3C420776F1200DF798B /* Release */,
			);
			defaultConfigurationIsVisible = 0;
			defaultConfigurationName = Release;
		};
/* End XCConfigurationList section */
	};
	rootObject = B85AF3A820776F1200DF798B /* Project object */;
}
